// !$*UTF8*$!
{
	archiveVersion = 1;
	classes = {
	};
	objectVersion = 77;
	objects = {

/* Begin PBXBuildFile section */
		0CEDD8124687AC2AE304E396 /* Pods_ForestDrop.framework in Frameworks */ = {isa = PBXBuildFile; fileRef = 09C1AE87D5BB3E1026B1069E /* Pods_ForestDrop.framework */; };
		82F7C5962E1FB50500E6A550 /* OneSignalNotificationServiceExtension.appex in Embed Foundation Extensions */ = {isa = PBXBuildFile; fileRef = 82F7C58F2E1FB50500E6A550 /* OneSignalNotificationServiceExtension.appex */; settings = {ATTRIBUTES = (RemoveHeadersOnCopy, ); }; };
		82F7C59E2E1FB52C00E6A550 /* OneSignalExtension in Frameworks */ = {isa = PBXBuildFile; productRef = 82F7C59D2E1FB52C00E6A550 /* OneSignalExtension */; };
		82F7C5A02E1FB52C00E6A550 /* OneSignalFramework in Frameworks */ = {isa = PBXBuildFile; productRef = 82F7C59F2E1FB52C00E6A550 /* OneSignalFramework */; };
		82F7C5A22E1FB52C00E6A550 /* OneSignalInAppMessages in Frameworks */ = {isa = PBXBuildFile; productRef = 82F7C5A12E1FB52C00E6A550 /* OneSignalInAppMessages */; };
		82F7C5A72E1FB9A800E6A550 /* AppMetricaCore in Frameworks */ = {isa = PBXBuildFile; productRef = 82F7C5A62E1FB9A800E6A550 /* AppMetricaCore */; };
/* End PBXBuildFile section */

/* Begin PBXContainerItemProxy section */
		82F7C5942E1FB50500E6A550 /* PBXContainerItemProxy */ = {
			isa = PBXContainerItemProxy;
			containerPortal = E19888952E01F3F70094471B /* Project object */;
			proxyType = 1;
			remoteGlobalIDString = 82F7C58E2E1FB50500E6A550;
			remoteInfo = OneSignalNotificationServiceExtension;
		};
/* End PBXContainerItemProxy section */

/* Begin PBXCopyFilesBuildPhase section */
		82F7C59B2E1FB50500E6A550 /* Embed Foundation Extensions */ = {
			isa = PBXCopyFilesBuildPhase;
			buildActionMask = 2147483647;
			dstPath = "";
			dstSubfolderSpec = 13;
			files = (
				82F7C5962E1FB50500E6A550 /* OneSignalNotificationServiceExtension.appex in Embed Foundation Extensions */,
			);
			name = "Embed Foundation Extensions";
			runOnlyForDeploymentPostprocessing = 0;
		};
/* End PBXCopyFilesBuildPhase section */

/* Begin PBXFileReference section */
		09C1AE87D5BB3E1026B1069E /* Pods_ForestDrop.framework */ = {isa = PBXFileReference; explicitFileType = wrapper.framework; includeInIndex = 0; path = Pods_ForestDrop.framework; sourceTree = BUILT_PRODUCTS_DIR; };
		50BDF793D01B8701D7F2342A /* Pods-ForestDrop.debug.xcconfig */ = {isa = PBXFileReference; includeInIndex = 1; lastKnownFileType = text.xcconfig; name = "Pods-ForestDrop.debug.xcconfig"; path = "Target Support Files/Pods-ForestDrop/Pods-ForestDrop.debug.xcconfig"; sourceTree = "<group>"; };
		5C5321B0C4C375ACDEF2C4C6 /* Pods-ForestDrop.release.xcconfig */ = {isa = PBXFileReference; includeInIndex = 1; lastKnownFileType = text.xcconfig; name = "Pods-ForestDrop.release.xcconfig"; path = "Target Support Files/Pods-ForestDrop/Pods-ForestDrop.release.xcconfig"; sourceTree = "<group>"; };
		82F7C58F2E1FB50500E6A550 /* OneSignalNotificationServiceExtension.appex */ = {isa = PBXFileReference; explicitFileType = "wrapper.app-extension"; includeInIndex = 0; path = OneSignalNotificationServiceExtension.appex; sourceTree = BUILT_PRODUCTS_DIR; };
		E198889D2E01F3F70094471B /* ForestDrop.app */ = {isa = PBXFileReference; explicitFileType = wrapper.application; includeInIndex = 0; path = ForestDrop.app; sourceTree = BUILT_PRODUCTS_DIR; };
/* End PBXFileReference section */

/* Begin PBXFileSystemSynchronizedBuildFileExceptionSet section */
		82F7C58A2E1FB4DC00E6A550 /* Exceptions for "ForestDrop" folder in "ForestDrop" target */ = {
			isa = PBXFileSystemSynchronizedBuildFileExceptionSet;
			membershipExceptions = (
				Info.plist,
			);
			target = E198889C2E01F3F70094471B /* ForestDrop */;
		};
		82F7C59A2E1FB50500E6A550 /* Exceptions for "OneSignalNotificationServiceExtension" folder in "OneSignalNotificationServiceExtension" target */ = {
			isa = PBXFileSystemSynchronizedBuildFileExceptionSet;
			membershipExceptions = (
				Info.plist,
			);
			target = 82F7C58E2E1FB50500E6A550 /* OneSignalNotificationServiceExtension */;
		};
/* End PBXFileSystemSynchronizedBuildFileExceptionSet section */

/* Begin PBXFileSystemSynchronizedRootGroup section */
		82F7C5902E1FB50500E6A550 /* OneSignalNotificationServiceExtension */ = {
			isa = PBXFileSystemSynchronizedRootGroup;
			exceptions = (
				82F7C59A2E1FB50500E6A550 /* Exceptions for "OneSignalNotificationServiceExtension" folder in "OneSignalNotificationServiceExtension" target */,
			);
			path = OneSignalNotificationServiceExtension;
			sourceTree = "<group>";
		};
		E198889F2E01F3F70094471B /* ForestDrop */ = {
			isa = PBXFileSystemSynchronizedRootGroup;
			exceptions = (
				82F7C58A2E1FB4DC00E6A550 /* Exceptions for "ForestDrop" folder in "ForestDrop" target */,
			);
			path = ForestDrop;
			sourceTree = "<group>";
		};
/* End PBXFileSystemSynchronizedRootGroup section */

/* Begin PBXFrameworksBuildPhase section */
		82F7C58C2E1FB50500E6A550 /* Frameworks */ = {
			isa = PBXFrameworksBuildPhase;
			buildActionMask = 2147483647;
			files = (
				82F7C59E2E1FB52C00E6A550 /* OneSignalExtension in Frameworks */,
			);
			runOnlyForDeploymentPostprocessing = 0;
		};
		E198889A2E01F3F70094471B /* Frameworks */ = {
			isa = PBXFrameworksBuildPhase;
			buildActionMask = 2147483647;
			files = (
				82F7C5A22E1FB52C00E6A550 /* OneSignalInAppMessages in Frameworks */,
				82F7C5A72E1FB9A800E6A550 /* AppMetricaCore in Frameworks */,
				82F7C5A02E1FB52C00E6A550 /* OneSignalFramework in Frameworks */,
				0CEDD8124687AC2AE304E396 /* Pods_ForestDrop.framework in Frameworks */,
			);
			runOnlyForDeploymentPostprocessing = 0;
		};
/* End PBXFrameworksBuildPhase section */

/* Begin PBXGroup section */
		22F21A0872232BC9D6B124F5 /* Frameworks */ = {
			isa = PBXGroup;
			children = (
				09C1AE87D5BB3E1026B1069E /* Pods_ForestDrop.framework */,
			);
			name = Frameworks;
			sourceTree = "<group>";
		};
		AE84350406B3CE0FF2F12AF1 /* Pods */ = {
			isa = PBXGroup;
			children = (
				50BDF793D01B8701D7F2342A /* Pods-ForestDrop.debug.xcconfig */,
				5C5321B0C4C375ACDEF2C4C6 /* Pods-ForestDrop.release.xcconfig */,
			);
			path = Pods;
			sourceTree = "<group>";
		};
		E19888942E01F3F70094471B = {
			isa = PBXGroup;
			children = (
				E198889F2E01F3F70094471B /* ForestDrop */,
				82F7C5902E1FB50500E6A550 /* OneSignalNotificationServiceExtension */,
				E198889E2E01F3F70094471B /* Products */,
				AE84350406B3CE0FF2F12AF1 /* Pods */,
				22F21A0872232BC9D6B124F5 /* Frameworks */,
			);
			sourceTree = "<group>";
		};
		E198889E2E01F3F70094471B /* Products */ = {
			isa = PBXGroup;
			children = (
				E198889D2E01F3F70094471B /* ForestDrop.app */,
				82F7C58F2E1FB50500E6A550 /* OneSignalNotificationServiceExtension.appex */,
			);
			name = Products;
			sourceTree = "<group>";
		};
/* End PBXGroup section */

/* Begin PBXNativeTarget section */
		82F7C58E2E1FB50500E6A550 /* OneSignalNotificationServiceExtension */ = {
			isa = PBXNativeTarget;
			buildConfigurationList = 82F7C5972E1FB50500E6A550 /* Build configuration list for PBXNativeTarget "OneSignalNotificationServiceExtension" */;
			buildPhases = (
				82F7C58B2E1FB50500E6A550 /* Sources */,
				82F7C58C2E1FB50500E6A550 /* Frameworks */,
				82F7C58D2E1FB50500E6A550 /* Resources */,
			);
			buildRules = (
			);
			dependencies = (
			);
			fileSystemSynchronizedGroups = (
				82F7C5902E1FB50500E6A550 /* OneSignalNotificationServiceExtension */,
			);
			name = OneSignalNotificationServiceExtension;
			packageProductDependencies = (
				82F7C59D2E1FB52C00E6A550 /* OneSignalExtension */,
			);
			productName = OneSignalNotificationServiceExtension;
			productReference = 82F7C58F2E1FB50500E6A550 /* OneSignalNotificationServiceExtension.appex */;
			productType = "com.apple.product-type.app-extension";
		};
		E198889C2E01F3F70094471B /* ForestDrop */ = {
			isa = PBXNativeTarget;
			buildConfigurationList = E19888A82E01F3F90094471B /* Build configuration list for PBXNativeTarget "ForestDrop" */;
			buildPhases = (
				C81FD0FE7DE5D0965843CBB0 /* [CP] Check Pods Manifest.lock */,
				E19888992E01F3F70094471B /* Sources */,
				E198889A2E01F3F70094471B /* Frameworks */,
				E198889B2E01F3F70094471B /* Resources */,
				82F7C59B2E1FB50500E6A550 /* Embed Foundation Extensions */,
			);
			buildRules = (
			);
			dependencies = (
				82F7C5952E1FB50500E6A550 /* PBXTargetDependency */,
			);
			fileSystemSynchronizedGroups = (
				E198889F2E01F3F70094471B /* ForestDrop */,
			);
			name = ForestDrop;
			productName = ForestDrop;
			productReference = E198889D2E01F3F70094471B /* ForestDrop.app */;
			productType = "com.apple.product-type.application";
		};
/* End PBXNativeTarget section */

/* Begin PBXProject section */
		E19888952E01F3F70094471B /* Project object */ = {
			isa = PBXProject;
			attributes = {
				BuildIndependentTargetsInParallel = 1;
				LastSwiftUpdateCheck = 1600;
				LastUpgradeCheck = 1640;
				TargetAttributes = {
					82F7C58E2E1FB50500E6A550 = {
						CreatedOnToolsVersion = 16.0;
					};
					E198889C2E01F3F70094471B = {
						CreatedOnToolsVersion = 16.4;
					};
				};
			};
			buildConfigurationList = E19888982E01F3F70094471B /* Build configuration list for PBXProject "ForestDrop" */;
			developmentRegion = en;
			hasScannedForEncodings = 0;
			knownRegions = (
				en,
				Base,
			);
			mainGroup = E19888942E01F3F70094471B;
			minimizedProjectReferenceProxies = 1;
			packageReferences = (
				82F7C59C2E1FB52C00E6A550 /* XCRemoteSwiftPackageReference "OneSignal-iOS-SDK" */,
				82F7C5A52E1FB9A800E6A550 /* XCRemoteSwiftPackageReference "appmetrica-sdk-ios" */,
			);
			preferredProjectObjectVersion = 77;
			productRefGroup = E198889E2E01F3F70094471B /* Products */;
			projectDirPath = "";
			projectRoot = "";
			targets = (
				E198889C2E01F3F70094471B /* ForestDrop */,
				82F7C58E2E1FB50500E6A550 /* OneSignalNotificationServiceExtension */,
			);
		};
/* End PBXProject section */

/* Begin PBXResourcesBuildPhase section */
		82F7C58D2E1FB50500E6A550 /* Resources */ = {
			isa = PBXResourcesBuildPhase;
			buildActionMask = 2147483647;
			files = (
			);
			runOnlyForDeploymentPostprocessing = 0;
		};
		E198889B2E01F3F70094471B /* Resources */ = {
			isa = PBXResourcesBuildPhase;
			buildActionMask = 2147483647;
			files = (
			);
			runOnlyForDeploymentPostprocessing = 0;
		};
/* End PBXResourcesBuildPhase section */

/* Begin PBXShellScriptBuildPhase section */
		C81FD0FE7DE5D0965843CBB0 /* [CP] Check Pods Manifest.lock */ = {
			isa = PBXShellScriptBuildPhase;
			buildActionMask = 2147483647;
			files = (
			);
			inputFileListPaths = (
			);
			inputPaths = (
				"${PODS_PODFILE_DIR_PATH}/Podfile.lock",
				"${PODS_ROOT}/Manifest.lock",
			);
			name = "[CP] Check Pods Manifest.lock";
			outputFileListPaths = (
			);
			outputPaths = (
				"$(DERIVED_FILE_DIR)/Pods-ForestDrop-checkManifestLockResult.txt",
			);
			runOnlyForDeploymentPostprocessing = 0;
			shellPath = /bin/sh;
			shellScript = "diff \"${PODS_PODFILE_DIR_PATH}/Podfile.lock\" \"${PODS_ROOT}/Manifest.lock\" > /dev/null\nif [ $? != 0 ] ; then\n    # print error to STDERR\n    echo \"error: The sandbox is not in sync with the Podfile.lock. Run 'pod install' or update your CocoaPods installation.\" >&2\n    exit 1\nfi\n# This output is used by Xcode 'outputs' to avoid re-running this script phase.\necho \"SUCCESS\" > \"${SCRIPT_OUTPUT_FILE_0}\"\n";
			showEnvVarsInLog = 0;
		};
/* End PBXShellScriptBuildPhase section */

/* Begin PBXSourcesBuildPhase section */
		82F7C58B2E1FB50500E6A550 /* Sources */ = {
			isa = PBXSourcesBuildPhase;
			buildActionMask = 2147483647;
			files = (
			);
			runOnlyForDeploymentPostprocessing = 0;
		};
		E19888992E01F3F70094471B /* Sources */ = {
			isa = PBXSourcesBuildPhase;
			buildActionMask = 2147483647;
			files = (
			);
			runOnlyForDeploymentPostprocessing = 0;
		};
/* End PBXSourcesBuildPhase section */

/* Begin PBXTargetDependency section */
		82F7C5952E1FB50500E6A550 /* PBXTargetDependency */ = {
			isa = PBXTargetDependency;
			target = 82F7C58E2E1FB50500E6A550 /* OneSignalNotificationServiceExtension */;
			targetProxy = 82F7C5942E1FB50500E6A550 /* PBXContainerItemProxy */;
		};
/* End PBXTargetDependency section */

/* Begin XCBuildConfiguration section */
		82F7C5982E1FB50500E6A550 /* Debug */ = {
			isa = XCBuildConfiguration;
			buildSettings = {
				CODE_SIGN_STYLE = Automatic;
				CURRENT_PROJECT_VERSION = 1;
				GENERATE_INFOPLIST_FILE = YES;
				INFOPLIST_FILE = OneSignalNotificationServiceExtension/Info.plist;
				INFOPLIST_KEY_CFBundleDisplayName = OneSignalNotificationServiceExtension;
				INFOPLIST_KEY_NSHumanReadableCopyright = "";
				IPHONEOS_DEPLOYMENT_TARGET = 18.0;
				LD_RUNPATH_SEARCH_PATHS = (
					"$(inherited)",
					"@executable_path/Frameworks",
					"@executable_path/../../Frameworks",
				);
				MARKETING_VERSION = 1.0;
				PRODUCT_BUNDLE_IDENTIFIER = com.karqartrewpouil.kjn.OneSignalNotificationServiceExtension;
				PRODUCT_NAME = "$(TARGET_NAME)";
				SKIP_INSTALL = YES;
				SWIFT_EMIT_LOC_STRINGS = YES;
				SWIFT_VERSION = 5.0;
				TARGETED_DEVICE_FAMILY = "1,2";
			};
			name = Debug;
		};
		82F7C5992E1FB50500E6A550 /* Release */ = {
			isa = XCBuildConfiguration;
			buildSettings = {
				CODE_SIGN_STYLE = Automatic;
				CURRENT_PROJECT_VERSION = 1;
				GENERATE_INFOPLIST_FILE = YES;
				INFOPLIST_FILE = OneSignalNotificationServiceExtension/Info.plist;
				INFOPLIST_KEY_CFBundleDisplayName = OneSignalNotificationServiceExtension;
				INFOPLIST_KEY_NSHumanReadableCopyright = "";
				IPHONEOS_DEPLOYMENT_TARGET = 18.0;
				LD_RUNPATH_SEARCH_PATHS = (
					"$(inherited)",
					"@executable_path/Frameworks",
					"@executable_path/../../Frameworks",
				);
				MARKETING_VERSION = 1.0;
				PRODUCT_BUNDLE_IDENTIFIER = com.karqartrewpouil.kjn.OneSignalNotificationServiceExtension;
				PRODUCT_NAME = "$(TARGET_NAME)";
				SKIP_INSTALL = YES;
				SWIFT_EMIT_LOC_STRINGS = YES;
				SWIFT_VERSION = 5.0;
				TARGETED_DEVICE_FAMILY = "1,2";
			};
			name = Release;
		};
		E19888A62E01F3F90094471B /* Debug */ = {
			isa = XCBuildConfiguration;
			buildSettings = {
				ALWAYS_SEARCH_USER_PATHS = NO;
				ASSETCATALOG_COMPILER_GENERATE_SWIFT_ASSET_SYMBOL_EXTENSIONS = YES;
				CLANG_ANALYZER_NONNULL = YES;
				CLANG_ANALYZER_NUMBER_OBJECT_CONVERSION = YES_AGGRESSIVE;
				CLANG_CXX_LANGUAGE_STANDARD = "gnu++20";
				CLANG_ENABLE_MODULES = YES;
				CLANG_ENABLE_OBJC_ARC = YES;
				CLANG_ENABLE_OBJC_WEAK = YES;
				CLANG_WARN_BLOCK_CAPTURE_AUTORELEASING = YES;
				CLANG_WARN_BOOL_CONVERSION = YES;
				CLANG_WARN_COMMA = YES;
				CLANG_WARN_CONSTANT_CONVERSION = YES;
				CLANG_WARN_DEPRECATED_OBJC_IMPLEMENTATIONS = YES;
				CLANG_WARN_DIRECT_OBJC_ISA_USAGE = YES_ERROR;
				CLANG_WARN_DOCUMENTATION_COMMENTS = YES;
				CLANG_WARN_EMPTY_BODY = YES;
				CLANG_WARN_ENUM_CONVERSION = YES;
				CLANG_WARN_INFINITE_RECURSION = YES;
				CLANG_WARN_INT_CONVERSION = YES;
				CLANG_WARN_NON_LITERAL_NULL_CONVERSION = YES;
				CLANG_WARN_OBJC_IMPLICIT_RETAIN_SELF = YES;
				CLANG_WARN_OBJC_LITERAL_CONVERSION = YES;
				CLANG_WARN_OBJC_ROOT_CLASS = YES_ERROR;
				CLANG_WARN_QUOTED_INCLUDE_IN_FRAMEWORK_HEADER = YES;
				CLANG_WARN_RANGE_LOOP_ANALYSIS = YES;
				CLANG_WARN_STRICT_PROTOTYPES = YES;
				CLANG_WARN_SUSPICIOUS_MOVE = YES;
				CLANG_WARN_UNGUARDED_AVAILABILITY = YES_AGGRESSIVE;
				CLANG_WARN_UNREACHABLE_CODE = YES;
				CLANG_WARN__DUPLICATE_METHOD_MATCH = YES;
				COPY_PHASE_STRIP = NO;
				DEBUG_INFORMATION_FORMAT = dwarf;
				ENABLE_STRICT_OBJC_MSGSEND = YES;
				ENABLE_TESTABILITY = YES;
				ENABLE_USER_SCRIPT_SANDBOXING = YES;
				GCC_C_LANGUAGE_STANDARD = gnu17;
				GCC_DYNAMIC_NO_PIC = NO;
				GCC_NO_COMMON_BLOCKS = YES;
				GCC_OPTIMIZATION_LEVEL = 0;
				GCC_PREPROCESSOR_DEFINITIONS = (
					"DEBUG=1",
					"$(inherited)",
				);
				GCC_WARN_64_TO_32_BIT_CONVERSION = YES;
				GCC_WARN_ABOUT_RETURN_TYPE = YES_ERROR;
				GCC_WARN_UNDECLARED_SELECTOR = YES;
				GCC_WARN_UNINITIALIZED_AUTOS = YES_AGGRESSIVE;
				GCC_WARN_UNUSED_FUNCTION = YES;
				GCC_WARN_UNUSED_VARIABLE = YES;
				IPHONEOS_DEPLOYMENT_TARGET = 18.5;
				LOCALIZATION_PREFERS_STRING_CATALOGS = YES;
				MTL_ENABLE_DEBUG_INFO = INCLUDE_SOURCE;
				MTL_FAST_MATH = YES;
				ONLY_ACTIVE_ARCH = YES;
				SDKROOT = iphoneos;
				SWIFT_ACTIVE_COMPILATION_CONDITIONS = "DEBUG $(inherited)";
				SWIFT_OPTIMIZATION_LEVEL = "-Onone";
			};
			name = Debug;
		};
		E19888A72E01F3F90094471B /* Release */ = {
			isa = XCBuildConfiguration;
			buildSettings = {
				ALWAYS_SEARCH_USER_PATHS = NO;
				ASSETCATALOG_COMPILER_GENERATE_SWIFT_ASSET_SYMBOL_EXTENSIONS = YES;
				CLANG_ANALYZER_NONNULL = YES;
				CLANG_ANALYZER_NUMBER_OBJECT_CONVERSION = YES_AGGRESSIVE;
				CLANG_CXX_LANGUAGE_STANDARD = "gnu++20";
				CLANG_ENABLE_MODULES = YES;
				CLANG_ENABLE_OBJC_ARC = YES;
				CLANG_ENABLE_OBJC_WEAK = YES;
				CLANG_WARN_BLOCK_CAPTURE_AUTORELEASING = YES;
				CLANG_WARN_BOOL_CONVERSION = YES;
				CLANG_WARN_COMMA = YES;
				CLANG_WARN_CONSTANT_CONVERSION = YES;
				CLANG_WARN_DEPRECATED_OBJC_IMPLEMENTATIONS = YES;
				CLANG_WARN_DIRECT_OBJC_ISA_USAGE = YES_ERROR;
				CLANG_WARN_DOCUMENTATION_COMMENTS = YES;
				CLANG_WARN_EMPTY_BODY = YES;
				CLANG_WARN_ENUM_CONVERSION = YES;
				CLANG_WARN_INFINITE_RECURSION = YES;
				CLANG_WARN_INT_CONVERSION = YES;
				CLANG_WARN_NON_LITERAL_NULL_CONVERSION = YES;
				CLANG_WARN_OBJC_IMPLICIT_RETAIN_SELF = YES;
				CLANG_WARN_OBJC_LITERAL_CONVERSION = YES;
				CLANG_WARN_OBJC_ROOT_CLASS = YES_ERROR;
				CLANG_WARN_QUOTED_INCLUDE_IN_FRAMEWORK_HEADER = YES;
				CLANG_WARN_RANGE_LOOP_ANALYSIS = YES;
				CLANG_WARN_STRICT_PROTOTYPES = YES;
				CLANG_WARN_SUSPICIOUS_MOVE = YES;
				CLANG_WARN_UNGUARDED_AVAILABILITY = YES_AGGRESSIVE;
				CLANG_WARN_UNREACHABLE_CODE = YES;
				CLANG_WARN__DUPLICATE_METHOD_MATCH = YES;
				COPY_PHASE_STRIP = NO;
				DEBUG_INFORMATION_FORMAT = "dwarf-with-dsym";
				ENABLE_NS_ASSERTIONS = NO;
				ENABLE_STRICT_OBJC_MSGSEND = YES;
				ENABLE_USER_SCRIPT_SANDBOXING = YES;
				GCC_C_LANGUAGE_STANDARD = gnu17;
				GCC_NO_COMMON_BLOCKS = YES;
				GCC_WARN_64_TO_32_BIT_CONVERSION = YES;
				GCC_WARN_ABOUT_RETURN_TYPE = YES_ERROR;
				GCC_WARN_UNDECLARED_SELECTOR = YES;
				GCC_WARN_UNINITIALIZED_AUTOS = YES_AGGRESSIVE;
				GCC_WARN_UNUSED_FUNCTION = YES;
				GCC_WARN_UNUSED_VARIABLE = YES;
				IPHONEOS_DEPLOYMENT_TARGET = 18.5;
				LOCALIZATION_PREFERS_STRING_CATALOGS = YES;
				MTL_ENABLE_DEBUG_INFO = NO;
				MTL_FAST_MATH = YES;
				SDKROOT = iphoneos;
				SWIFT_COMPILATION_MODE = wholemodule;
				VALIDATE_PRODUCT = YES;
			};
			name = Release;
		};
		E19888A92E01F3F90094471B /* Debug */ = {
			isa = XCBuildConfiguration;
			baseConfigurationReference = 50BDF793D01B8701D7F2342A /* Pods-ForestDrop.debug.xcconfig */;
			buildSettings = {
				ASSETCATALOG_COMPILER_APPICON_NAME = AppIcon;
				ASSETCATALOG_COMPILER_GLOBAL_ACCENT_COLOR_NAME = AccentColor;
				CODE_SIGN_ENTITLEMENTS = ForestDrop/ForestDrop.entitlements;
				CODE_SIGN_STYLE = Automatic;
				CURRENT_PROJECT_VERSION = 1;
				ENABLE_PREVIEWS = YES;
				GENERATE_INFOPLIST_FILE = YES;
				INFOPLIST_FILE = ForestDrop/Info.plist;
				INFOPLIST_KEY_CFBundleDisplayName = "Dewroot Dropper";
				INFOPLIST_KEY_UIApplicationSupportsIndirectInputEvents = YES;
				INFOPLIST_KEY_UILaunchScreen_Generation = YES;
				INFOPLIST_KEY_UISupportedInterfaceOrientations = UIInterfaceOrientationPortrait;
				INFOPLIST_KEY_UISupportedInterfaceOrientations_iPad = "UIInterfaceOrientationLandscapeLeft UIInterfaceOrientationLandscapeRight UIInterfaceOrientationPortrait UIInterfaceOrientationPortraitUpsideDown";
				IPHONEOS_DEPLOYMENT_TARGET = 16.0;
				LD_RUNPATH_SEARCH_PATHS = (
					"$(inherited)",
					"@executable_path/Frameworks",
				);
				MARKETING_VERSION = 1.1;
				PRODUCT_BUNDLE_IDENTIFIER = com.karqartrewpouil.kjn;
				PRODUCT_NAME = "$(TARGET_NAME)";
				SUPPORTED_PLATFORMS = "iphoneos iphonesimulator";
				SUPPORTS_MACCATALYST = NO;
				SUPPORTS_MAC_DESIGNED_FOR_IPHONE_IPAD = NO;
				SUPPORTS_XR_DESIGNED_FOR_IPHONE_IPAD = NO;
				SWIFT_EMIT_LOC_STRINGS = YES;
				SWIFT_VERSION = 5.0;
				TARGETED_DEVICE_FAMILY = 1;
			};
			name = Debug;
		};
		E19888AA2E01F3F90094471B /* Release */ = {
			isa = XCBuildConfiguration;
			baseConfigurationReference = 5C5321B0C4C375ACDEF2C4C6 /* Pods-ForestDrop.release.xcconfig */;
			buildSettings = {
				ASSETCATALOG_COMPILER_APPICON_NAME = AppIcon;
				ASSETCATALOG_COMPILER_GLOBAL_ACCENT_COLOR_NAME = AccentColor;
				CODE_SIGN_ENTITLEMENTS = ForestDrop/ForestDrop.entitlements;
				CODE_SIGN_STYLE = Automatic;
				CURRENT_PROJECT_VERSION = 1;
				ENABLE_PREVIEWS = YES;
				GENERATE_INFOPLIST_FILE = YES;
				INFOPLIST_FILE = ForestDrop/Info.plist;
				INFOPLIST_KEY_CFBundleDisplayName = "Dewroot Dropper";
				INFOPLIST_KEY_UIApplicationSupportsIndirectInputEvents = YES;
				INFOPLIST_KEY_UILaunchScreen_Generation = YES;
				INFOPLIST_KEY_UISupportedInterfaceOrientations = UIInterfaceOrientationPortrait;
				INFOPLIST_KEY_UISupportedInterfaceOrientations_iPad = "UIInterfaceOrientationLandscapeLeft UIInterfaceOrientationLandscapeRight UIInterfaceOrientationPortrait UIInterfaceOrientationPortraitUpsideDown";
				IPHONEOS_DEPLOYMENT_TARGET = 16.0;
				LD_RUNPATH_SEARCH_PATHS = (
					"$(inherited)",
					"@executable_path/Frameworks",
				);
				MARKETING_VERSION = 1.1;
				PRODUCT_BUNDLE_IDENTIFIER = com.karqartrewpouil.kjn;
				PRODUCT_NAME = "$(TARGET_NAME)";
				SUPPORTED_PLATFORMS = "iphoneos iphonesimulator";
				SUPPORTS_MACCATALYST = NO;
				SUPPORTS_MAC_DESIGNED_FOR_IPHONE_IPAD = NO;
				SUPPORTS_XR_DESIGNED_FOR_IPHONE_IPAD = NO;
				SWIFT_EMIT_LOC_STRINGS = YES;
				SWIFT_VERSION = 5.0;
				TARGETED_DEVICE_FAMILY = 1;
			};
			name = Release;
		};
/* End XCBuildConfiguration section */

/* Begin XCConfigurationList section */
		82F7C5972E1FB50500E6A550 /* Build configuration list for PBXNativeTarget "OneSignalNotificationServiceExtension" */ = {
			isa = XCConfigurationList;
			buildConfigurations = (
				82F7C5982E1FB50500E6A550 /* Debug */,
				82F7C5992E1FB50500E6A550 /* Release */,
			);
			defaultConfigurationIsVisible = 0;
			defaultConfigurationName = Release;
		};
		E19888982E01F3F70094471B /* Build configuration list for PBXProject "ForestDrop" */ = {
			isa = XCConfigurationList;
			buildConfigurations = (
				E19888A62E01F3F90094471B /* Debug */,
				E19888A72E01F3F90094471B /* Release */,
			);
			defaultConfigurationIsVisible = 0;
			defaultConfigurationName = Release;
		};
		E19888A82E01F3F90094471B /* Build configuration list for PBXNativeTarget "ForestDrop" */ = {
			isa = XCConfigurationList;
			buildConfigurations = (
				E19888A92E01F3F90094471B /* Debug */,
				E19888AA2E01F3F90094471B /* Release */,
			);
			defaultConfigurationIsVisible = 0;
			defaultConfigurationName = Release;
		};
/* End XCConfigurationList section */

/* Begin XCRemoteSwiftPackageReference section */
		82F7C59C2E1FB52C00E6A550 /* XCRemoteSwiftPackageReference "OneSignal-iOS-SDK" */ = {
			isa = XCRemoteSwiftPackageReference;
			repositoryURL = "https://github.com/OneSignal/OneSignal-iOS-SDK";
			requirement = {
				kind = upToNextMajorVersion;
				minimumVersion = 5.2.14;
			};
		};
		82F7C5A52E1FB9A800E6A550 /* XCRemoteSwiftPackageReference "appmetrica-sdk-ios" */ = {
			isa = XCRemoteSwiftPackageReference;
			repositoryURL = "https://github.com/appmetrica/appmetrica-sdk-ios";
			requirement = {
				kind = upToNextMajorVersion;
				minimumVersion = 5.11.1;
			};
		};
/* End XCRemoteSwiftPackageReference section */

/* Begin XCSwiftPackageProductDependency section */
		82F7C59D2E1FB52C00E6A550 /* OneSignalExtension */ = {
			isa = XCSwiftPackageProductDependency;
			package = 82F7C59C2E1FB52C00E6A550 /* XCRemoteSwiftPackageReference "OneSignal-iOS-SDK" */;
			productName = OneSignalExtension;
		};
		82F7C59F2E1FB52C00E6A550 /* OneSignalFramework */ = {
			isa = XCSwiftPackageProductDependency;
			package = 82F7C59C2E1FB52C00E6A550 /* XCRemoteSwiftPackageReference "OneSignal-iOS-SDK" */;
			productName = OneSignalFramework;
		};
		82F7C5A12E1FB52C00E6A550 /* OneSignalInAppMessages */ = {
			isa = XCSwiftPackageProductDependency;
			package = 82F7C59C2E1FB52C00E6A550 /* XCRemoteSwiftPackageReference "OneSignal-iOS-SDK" */;
			productName = OneSignalInAppMessages;
		};
		82F7C5A62E1FB9A800E6A550 /* AppMetricaCore */ = {
			isa = XCSwiftPackageProductDependency;
			package = 82F7C5A52E1FB9A800E6A550 /* XCRemoteSwiftPackageReference "appmetrica-sdk-ios" */;
			productName = AppMetricaCore;
		};
/* End XCSwiftPackageProductDependency section */
	};
	rootObject = E19888952E01F3F70094471B /* Project object */;
}
